lockfileVersion: '6.0'

settings:
  autoInstallPeers: true
  excludeLinksFromLockfile: false

dependencies:
  ml-matrix:
    specifier: ^6.11.0
    version: 6.11.0

devDependencies:
  typescript:
    specifier: ^5.2.2
    version: 5.4.3

packages:

  /is-any-array@2.0.1:
    resolution: {integrity: sha512-UtilS7hLRu++wb/WBAw9bNuP1Eg04Ivn1vERJck8zJthEvXCBEBpGR/33u/xLKWEQf95803oalHrVDptcAvFdQ==}
    dev: false

  /ml-array-max@1.2.4:
    resolution: {integrity: sha512-BlEeg80jI0tW6WaPyGxf5Sa4sqvcyY6lbSn5Vcv44lp1I2GR6AWojfUvLnGTNsIXrZ8uqWmo8VcG1WpkI2ONMQ==}
    dependencies:
      is-any-array: 2.0.1
    dev: false

  /ml-array-min@1.2.3:
    resolution: {integrity: sha512-VcZ5f3VZ1iihtrGvgfh/q0XlMobG6GQ8FsNyQXD3T+IlstDv85g8kfV0xUG1QPRO/t21aukaJowDzMTc7j5V6Q==}
    dependencies:
      is-any-array: 2.0.1
    dev: false

  /ml-array-rescale@1.3.7:
    resolution: {integrity: sha512-48NGChTouvEo9KBctDfHC3udWnQKNKEWN0ziELvY3KG25GR5cA8K8wNVzracsqSW1QEkAXjTNx+ycgAv06/1mQ==}
    dependencies:
      is-any-array: 2.0.1
      ml-array-max: 1.2.4
      ml-array-min: 1.2.3
    dev: false

  /ml-matrix@6.11.0:
    resolution: {integrity: sha512-7jr9NmFRkaUxbKslfRu3aZOjJd2LkSitCGv+QH9PF0eJoEG7jIpjXra1Vw8/kgao8+kHCSsJONG6vfWmXQ+/Eg==}
    dependencies:
      is-any-array: 2.0.1
      ml-array-rescale: 1.3.7
    dev: false

  /typescript@5.4.3:
    resolution: {integrity: sha512-KrPd3PKaCLr78MalgiwJnA25Nm8HAmdwN3mYUYZgG/wizIo9EainNVQI9/yDavtVFRN2h3k8uf3GLHuhDMgEHg==}
    engines: {node: '>=14.17'}
    hasBin: true
    dev: true
